
Microsoft Visual Studio Solution File, Format Version 12.00
# Visual Studio Version 16
VisualStudioVersion = 16.0.31129.286
MinimumVisualStudioVersion = 10.0.40219.1
Project("{9A19103F-16F7-4668-BE54-9A1E7A4F7556}") = "FlowerBot", "FlowerBot\FlowerBot.csproj", "{767EB1C6-351D-4280-A656-1A4D75251CC1}"
EndProject
Global
	GlobalSection(SolutionConfigurationPlatforms) = preSolution
		Debug|Any CPU = Debug|Any CPU
		Release|Any CPU = Release|Any CPU
	EndGlobalSection
	GlobalSection(ProjectConfigurationPlatforms) = postSolution
		{767EB1C6-351D-4280-A656-1A4D75251CC1}.Debug|Any CPU.ActiveCfg = Debug|Any CPU
		{767EB1C6-351D-4280-A656-1A4D75251CC1}.Debug|Any CPU.Build.0 = Debug|Any CPU
		{767EB1C6-351D-4280-A656-1A4D75251CC1}.Release|Any CPU.ActiveCfg = Release|Any CPU
		{767EB1C6-351D-4280-A656-1A4D75251CC1}.Release|Any CPU.Build.0 = Release|Any CPU
	EndGlobalSection
	GlobalSection(SolutionProperties) = preSolution
		HideSolutionNode = FALSE
	EndGlobalSection
	GlobalSection(ExtensibilityGlobals) = postSolution
		SolutionGuid = {7A27C433-C814-4567-9F8F-40B0294FDC22}
	EndGlobalSection
EndGlobal
